// !$*UTF8*$!
{
	archiveVersion = 1;
	classes = {
	};
	objectVersion = 56;
	objects = {

/* Begin PBXBuildFile section */
		764914CF2C0DC58B006BE77F /* NewAppApp.swift in Sources */ = {isa = PBXBuildFile; fileRef = 764914CE2C0DC58B006BE77F /* NewAppApp.swift */; };
		764914D12C0DC58B006BE77F /* ContentView.swift in Sources */ = {isa = PBXBuildFile; fileRef = 764914D02C0DC58B006BE77F /* ContentView.swift */; };
		764914D32C0DC58B006BE77F /* Item.swift in Sources */ = {isa = PBXBuildFile; fileRef = 764914D22C0DC58B006BE77F /* Item.swift */; };
		764914D52C0DC58C006BE77F /* Assets.xcassets in Resources */ = {isa = PBXBuildFile; fileRef = 764914D42C0DC58C006BE77F /* Assets.xcassets */; };
		764914D92C0DC58C006BE77F /* Preview Assets.xcassets in Resources */ = {isa = PBXBuildFile; fileRef = 764914D82C0DC58C006BE77F /* Preview Assets.xcassets */; };
		764914E32C0DC58C006BE77F /* NewAppTests.swift in Sources */ = {isa = PBXBuildFile; fileRef = 764914E22C0DC58C006BE77F /* NewAppTests.swift */; };
		764914ED2C0DC58C006BE77F /* NewAppUITests.swift in Sources */ = {isa = PBXBuildFile; fileRef = 764914EC2C0DC58C006BE77F /* NewAppUITests.swift */; };
		764914EF2C0DC58C006BE77F /* NewAppUITestsLaunchTests.swift in Sources */ = {isa = PBXBuildFile; fileRef = 764914EE2C0DC58C006BE77F /* NewAppUITestsLaunchTests.swift */; };
/* End PBXBuildFile section */

/* Begin PBXContainerItemProxy section */
		764914DF2C0DC58C006BE77F /* PBXContainerItemProxy */ = {
			isa = PBXContainerItemProxy;
			containerPortal = 764914C32C0DC58B006BE77F /* Project object */;
			proxyType = 1;
			remoteGlobalIDString = 764914CA2C0DC58B006BE77F;
			remoteInfo = NewApp;
		};
		764914E92C0DC58C006BE77F /* PBXContainerItemProxy */ = {
			isa = PBXContainerItemProxy;
			containerPortal = 764914C32C0DC58B006BE77F /* Project object */;
			proxyType = 1;
			remoteGlobalIDString = 764914CA2C0DC58B006BE77F;
			remoteInfo = NewApp;
		};
/* End PBXContainerItemProxy section */

/* Begin PBXFileReference section */
		764914CB2C0DC58B006BE77F /* NewApp.app */ = {isa = PBXFileReference; explicitFileType = wrapper.application; includeInIndex = 0; path = NewApp.app; sourceTree = BUILT_PRODUCTS_DIR; };
		764914CE2C0DC58B006BE77F /* NewAppApp.swift */ = {isa = PBXFileReference; lastKnownFileType = sourcecode.swift; path = NewAppApp.swift; sourceTree = "<group>"; };
		764914D02C0DC58B006BE77F /* ContentView.swift */ = {isa = PBXFileReference; lastKnownFileType = sourcecode.swift; path = ContentView.swift; sourceTree = "<group>"; };
		764914D22C0DC58B006BE77F /* Item.swift */ = {isa = PBXFileReference; lastKnownFileType = sourcecode.swift; path = Item.swift; sourceTree = "<group>"; };
		764914D42C0DC58C006BE77F /* Assets.xcassets */ = {isa = PBXFileReference; lastKnownFileType = folder.assetcatalog; path = Assets.xcassets; sourceTree = "<group>"; };
		764914D62C0DC58C006BE77F /* NewApp.entitlements */ = {isa = PBXFileReference; lastKnownFileType = text.plist.entitlements; path = NewApp.entitlements; sourceTree = "<group>"; };
		764914D82C0DC58C006BE77F /* Preview Assets.xcassets */ = {isa = PBXFileReference; lastKnownFileType = folder.assetcatalog; path = "Preview Assets.xcassets"; sourceTree = "<group>"; };
		764914DE2C0DC58C006BE77F /* NewAppTests.xctest */ = {isa = PBXFileReference; explicitFileType = wrapper.cfbundle; includeInIndex = 0; path = NewAppTests.xctest; sourceTree = BUILT_PRODUCTS_DIR; };
		764914E22C0DC58C006BE77F /* NewAppTests.swift */ = {isa = PBXFileReference; lastKnownFileType = sourcecode.swift; path = NewAppTests.swift; sourceTree = "<group>"; };
		764914E82C0DC58C006BE77F /* NewAppUITests.xctest */ = {isa = PBXFileReference; explicitFileType = wrapper.cfbundle; includeInIndex = 0; path = NewAppUITests.xctest; sourceTree = BUILT_PRODUCTS_DIR; };
		764914EC2C0DC58C006BE77F /* NewAppUITests.swift */ = {isa = PBXFileReference; lastKnownFileType = sourcecode.swift; path = NewAppUITests.swift; sourceTree = "<group>"; };
		764914EE2C0DC58C006BE77F /* NewAppUITestsLaunchTests.swift */ = {isa = PBXFileReference; lastKnownFileType = sourcecode.swift; path = NewAppUITestsLaunchTests.swift; sourceTree = "<group>"; };
/* End PBXFileReference section */

/* Begin PBXFrameworksBuildPhase section */
		764914C82C0DC58B006BE77F /* Frameworks */ = {
			isa = PBXFrameworksBuildPhase;
			buildActionMask = 2147483647;
			files = (
			);
			runOnlyForDeploymentPostprocessing = 0;
		};
		764914DB2C0DC58C006BE77F /* Frameworks */ = {
			isa = PBXFrameworksBuildPhase;
			buildActionMask = 2147483647;
			files = (
			);
			runOnlyForDeploymentPostprocessing = 0;
		};
		764914E52C0DC58C006BE77F /* Frameworks */ = {
			isa = PBXFrameworksBuildPhase;
			buildActionMask = 2147483647;
			files = (
			);
			runOnlyForDeploymentPostprocessing = 0;
		};
/* End PBXFrameworksBuildPhase section */

/* Begin PBXGroup section */
		764914C22C0DC58B006BE77F = {
			isa = PBXGroup;
			children = (
				764914CD2C0DC58B006BE77F /* NewApp */,
				764914E12C0DC58C006BE77F /* NewAppTests */,
				764914EB2C0DC58C006BE77F /* NewAppUITests */,
				764914CC2C0DC58B006BE77F /* Products */,
			);
			sourceTree = "<group>";
		};
		764914CC2C0DC58B006BE77F /* Products */ = {
			isa = PBXGroup;
			children = (
				764914CB2C0DC58B006BE77F /* NewApp.app */,
				764914DE2C0DC58C006BE77F /* NewAppTests.xctest */,
				764914E82C0DC58C006BE77F /* NewAppUITests.xctest */,
			);
			name = Products;
			sourceTree = "<group>";
		};
		764914CD2C0DC58B006BE77F /* NewApp */ = {
			isa = PBXGroup;
			children = (
				764914CE2C0DC58B006BE77F /* NewAppApp.swift */,
				764914D02C0DC58B006BE77F /* ContentView.swift */,
				764914D22C0DC58B006BE77F /* Item.swift */,
				764914D42C0DC58C006BE77F /* Assets.xcassets */,
				764914D62C0DC58C006BE77F /* NewApp.entitlements */,
				764914D72C0DC58C006BE77F /* Preview Content */,
			);
			path = NewApp;
			sourceTree = "<group>";
		};
		764914D72C0DC58C006BE77F /* Preview Content */ = {
			isa = PBXGroup;
			children = (
				764914D82C0DC58C006BE77F /* Preview Assets.xcassets */,
			);
			path = "Preview Content";
			sourceTree = "<group>";
		};
		764914E12C0DC58C006BE77F /* NewAppTests */ = {
			isa = PBXGroup;
			children = (
				764914E22C0DC58C006BE77F /* NewAppTests.swift */,
			);
			path = NewAppTests;
			sourceTree = "<group>";
		};
		764914EB2C0DC58C006BE77F /* NewAppUITests */ = {
			isa = PBXGroup;
			children = (
				764914EC2C0DC58C006BE77F /* NewAppUITests.swift */,
				764914EE2C0DC58C006BE77F /* NewAppUITestsLaunchTests.swift */,
			);
			path = NewAppUITests;
			sourceTree = "<group>";
		};
/* End PBXGroup section */

/* Begin PBXNativeTarget section */
		764914CA2C0DC58B006BE77F /* NewApp */ = {
			isa = PBXNativeTarget;
			buildConfigurationList = 764914F22C0DC58C006BE77F /* Build configuration list for PBXNativeTarget "NewApp" */;
			buildPhases = (
				764914C72C0DC58B006BE77F /* Sources */,
				764914C82C0DC58B006BE77F /* Frameworks */,
				764914C92C0DC58B006BE77F /* Resources */,
			);
			buildRules = (
			);
			dependencies = (
			);
			name = NewApp;
			productName = NewApp;
			productReference = 764914CB2C0DC58B006BE77F /* NewApp.app */;
			productType = "com.apple.product-type.application";
		};
		764914DD2C0DC58C006BE77F /* NewAppTests */ = {
			isa = PBXNativeTarget;
			buildConfigurationList = 764914F52C0DC58C006BE77F /* Build configuration list for PBXNativeTarget "NewAppTests" */;
			buildPhases = (
				764914DA2C0DC58C006BE77F /* Sources */,
				764914DB2C0DC58C006BE77F /* Frameworks */,
				764914DC2C0DC58C006BE77F /* Resources */,
			);
			buildRules = (
			);
			dependencies = (
				764914E02C0DC58C006BE77F /* PBXTargetDependency */,
			);
			name = NewAppTests;
			productName = NewAppTests;
			productReference = 764914DE2C0DC58C006BE77F /* NewAppTests.xctest */;
			productType = "com.apple.product-type.bundle.unit-test";
		};
		764914E72C0DC58C006BE77F /* NewAppUITests */ = {
			isa = PBXNativeTarget;
			buildConfigurationList = 764914F82C0DC58C006BE77F /* Build configuration list for PBXNativeTarget "NewAppUITests" */;
			buildPhases = (
				764914E42C0DC58C006BE77F /* Sources */,
				764914E52C0DC58C006BE77F /* Frameworks */,
				764914E62C0DC58C006BE77F /* Resources */,
			);
			buildRules = (
			);
			dependencies = (
				764914EA2C0DC58C006BE77F /* PBXTargetDependency */,
			);
			name = NewAppUITests;
			productName = NewAppUITests;
			productReference = 764914E82C0DC58C006BE77F /* NewAppUITests.xctest */;
			productType = "com.apple.product-type.bundle.ui-testing";
		};
/* End PBXNativeTarget section */

/* Begin PBXProject section */
		764914C32C0DC58B006BE77F /* Project object */ = {
			isa = PBXProject;
			attributes = {
				BuildIndependentTargetsInParallel = 1;
				LastSwiftUpdateCheck = 1540;
				LastUpgradeCheck = 1540;
				TargetAttributes = {
					764914CA2C0DC58B006BE77F = {
						CreatedOnToolsVersion = 15.4;
					};
					764914DD2C0DC58C006BE77F = {
						CreatedOnToolsVersion = 15.4;
						TestTargetID = 764914CA2C0DC58B006BE77F;
					};
					764914E72C0DC58C006BE77F = {
						CreatedOnToolsVersion = 15.4;
						TestTargetID = 764914CA2C0DC58B006BE77F;
					};
				};
			};
			buildConfigurationList = 764914C62C0DC58B006BE77F /* Build configuration list for PBXProject "NewApp" */;
			compatibilityVersion = "Xcode 14.0";
			developmentRegion = en;
			hasScannedForEncodings = 0;
			knownRegions = (
				en,
				Base,
			);
			mainGroup = 764914C22C0DC58B006BE77F;
			productRefGroup = 764914CC2C0DC58B006BE77F /* Products */;
			projectDirPath = "";
			projectRoot = "";
			targets = (
				764914CA2C0DC58B006BE77F /* NewApp */,
				764914DD2C0DC58C006BE77F /* NewAppTests */,
				764914E72C0DC58C006BE77F /* NewAppUITests */,
			);
		};
/* End PBXProject section */

/* Begin PBXResourcesBuildPhase section */
		764914C92C0DC58B006BE77F /* Resources */ = {
			isa = PBXResourcesBuildPhase;
			buildActionMask = 2147483647;
			files = (
				764914D92C0DC58C006BE77F /* Preview Assets.xcassets in Resources */,
				764914D52C0DC58C006BE77F /* Assets.xcassets in Resources */,
			);
			runOnlyForDeploymentPostprocessing = 0;
		};
		764914DC2C0DC58C006BE77F /* Resources */ = {
			isa = PBXResourcesBuildPhase;
			buildActionMask = 2147483647;
			files = (
			);
			runOnlyForDeploymentPostprocessing = 0;
		};
		764914E62C0DC58C006BE77F /* Resources */ = {
			isa = PBXResourcesBuildPhase;
			buildActionMask = 2147483647;
			files = (
			);
			runOnlyForDeploymentPostprocessing = 0;
		};
/* End PBXResourcesBuildPhase section */

/* Begin PBXSourcesBuildPhase section */
		764914C72C0DC58B006BE77F /* Sources */ = {
			isa = PBXSourcesBuildPhase;
			buildActionMask = 2147483647;
			files = (
				764914D12C0DC58B006BE77F /* ContentView.swift in Sources */,
				764914D32C0DC58B006BE77F /* Item.swift in Sources */,
				764914CF2C0DC58B006BE77F /* NewAppApp.swift in Sources */,
			);
			runOnlyForDeploymentPostprocessing = 0;
		};
		764914DA2C0DC58C006BE77F /* Sources */ = {
			isa = PBXSourcesBuildPhase;
			buildActionMask = 2147483647;
			files = (
				764914E32C0DC58C006BE77F /* NewAppTests.swift in Sources */,
			);
			runOnlyForDeploymentPostprocessing = 0;
		};
		764914E42C0DC58C006BE77F /* Sources */ = {
			isa = PBXSourcesBuildPhase;
			buildActionMask = 2147483647;
			files = (
				764914ED2C0DC58C006BE77F /* NewAppUITests.swift in Sources */,
				764914EF2C0DC58C006BE77F /* NewAppUITestsLaunchTests.swift in Sources */,
			);
			runOnlyForDeploymentPostprocessing = 0;
		};
/* End PBXSourcesBuildPhase section */

/* Begin PBXTargetDependency section */
		764914E02C0DC58C006BE77F /* PBXTargetDependency */ = {
			isa = PBXTargetDependency;
			target = 764914CA2C0DC58B006BE77F /* NewApp */;
			targetProxy = 764914DF2C0DC58C006BE77F /* PBXContainerItemProxy */;
		};
		764914EA2C0DC58C006BE77F /* PBXTargetDependency */ = {
			isa = PBXTargetDependency;
			target = 764914CA2C0DC58B006BE77F /* NewApp */;
			targetProxy = 764914E92C0DC58C006BE77F /* PBXContainerItemProxy */;
		};
/* End PBXTargetDependency section */

/* Begin XCBuildConfiguration section */
		764914F02C0DC58C006BE77F /* Debug */ = {
			isa = XCBuildConfiguration;
			buildSettings = {
				ALWAYS_SEARCH_USER_PATHS = NO;
				ASSETCATALOG_COMPILER_GENERATE_SWIFT_ASSET_SYMBOL_EXTENSIONS = YES;
				CLANG_ANALYZER_NONNULL = YES;
				CLANG_ANALYZER_NUMBER_OBJECT_CONVERSION = YES_AGGRESSIVE;
				CLANG_CXX_LANGUAGE_STANDARD = "gnu++20";
				CLANG_ENABLE_MODULES = YES;
				CLANG_ENABLE_OBJC_ARC = YES;
				CLANG_ENABLE_OBJC_WEAK = YES;
				CLANG_WARN_BLOCK_CAPTURE_AUTORELEASING = YES;
				CLANG_WARN_BOOL_CONVERSION = YES;
				CLANG_WARN_COMMA = YES;
				CLANG_WARN_CONSTANT_CONVERSION = YES;
				CLANG_WARN_DEPRECATED_OBJC_IMPLEMENTATIONS = YES;
				CLANG_WARN_DIRECT_OBJC_ISA_USAGE = YES_ERROR;
				CLANG_WARN_DOCUMENTATION_COMMENTS = YES;
				CLANG_WARN_EMPTY_BODY = YES;
				CLANG_WARN_ENUM_CONVERSION = YES;
				CLANG_WARN_INFINITE_RECURSION = YES;
				CLANG_WARN_INT_CONVERSION = YES;
				CLANG_WARN_NON_LITERAL_NULL_CONVERSION = YES;
				CLANG_WARN_OBJC_IMPLICIT_RETAIN_SELF = YES;
				CLANG_WARN_OBJC_LITERAL_CONVERSION = YES;
				CLANG_WARN_OBJC_ROOT_CLASS = YES_ERROR;
				CLANG_WARN_QUOTED_INCLUDE_IN_FRAMEWORK_HEADER = YES;
				CLANG_WARN_RANGE_LOOP_ANALYSIS = YES;
				CLANG_WARN_STRICT_PROTOTYPES = YES;
				CLANG_WARN_SUSPICIOUS_MOVE = YES;
				CLANG_WARN_UNGUARDED_AVAILABILITY = YES_AGGRESSIVE;
				CLANG_WARN_UNREACHABLE_CODE = YES;
				CLANG_WARN__DUPLICATE_METHOD_MATCH = YES;
				COPY_PHASE_STRIP = NO;
				DEBUG_INFORMATION_FORMAT = dwarf;
				ENABLE_STRICT_OBJC_MSGSEND = YES;
				ENABLE_TESTABILITY = YES;
				ENABLE_USER_SCRIPT_SANDBOXING = YES;
				GCC_C_LANGUAGE_STANDARD = gnu17;
				GCC_DYNAMIC_NO_PIC = NO;
				GCC_NO_COMMON_BLOCKS = YES;
				GCC_OPTIMIZATION_LEVEL = 0;
				GCC_PREPROCESSOR_DEFINITIONS = (
					"DEBUG=1",
					"$(inherited)",
				);
				GCC_WARN_64_TO_32_BIT_CONVERSION = YES;
				GCC_WARN_ABOUT_RETURN_TYPE = YES_ERROR;
				GCC_WARN_UNDECLARED_SELECTOR = YES;
				GCC_WARN_UNINITIALIZED_AUTOS = YES_AGGRESSIVE;
				GCC_WARN_UNUSED_FUNCTION = YES;
				GCC_WARN_UNUSED_VARIABLE = YES;
				LOCALIZATION_PREFERS_STRING_CATALOGS = YES;
				MTL_ENABLE_DEBUG_INFO = INCLUDE_SOURCE;
				MTL_FAST_MATH = YES;
				ONLY_ACTIVE_ARCH = YES;
				SWIFT_ACTIVE_COMPILATION_CONDITIONS = "DEBUG $(inherited)";
				SWIFT_OPTIMIZATION_LEVEL = "-Onone";
			};
			name = Debug;
		};
		764914F12C0DC58C006BE77F /* Release */ = {
			isa = XCBuildConfiguration;
			buildSettings = {
				ALWAYS_SEARCH_USER_PATHS = NO;
				ASSETCATALOG_COMPILER_GENERATE_SWIFT_ASSET_SYMBOL_EXTENSIONS = YES;
				CLANG_ANALYZER_NONNULL = YES;
				CLANG_ANALYZER_NUMBER_OBJECT_CONVERSION = YES_AGGRESSIVE;
				CLANG_CXX_LANGUAGE_STANDARD = "gnu++20";
				CLANG_ENABLE_MODULES = YES;
				CLANG_ENABLE_OBJC_ARC = YES;
				CLANG_ENABLE_OBJC_WEAK = YES;
				CLANG_WARN_BLOCK_CAPTURE_AUTORELEASING = YES;
				CLANG_WARN_BOOL_CONVERSION = YES;
				CLANG_WARN_COMMA = YES;
				CLANG_WARN_CONSTANT_CONVERSION = YES;
				CLANG_WARN_DEPRECATED_OBJC_IMPLEMENTATIONS = YES;
				CLANG_WARN_DIRECT_OBJC_ISA_USAGE = YES_ERROR;
				CLANG_WARN_DOCUMENTATION_COMMENTS = YES;
				CLANG_WARN_EMPTY_BODY = YES;
				CLANG_WARN_ENUM_CONVERSION = YES;
				CLANG_WARN_INFINITE_RECURSION = YES;
				CLANG_WARN_INT_CONVERSION = YES;
				CLANG_WARN_NON_LITERAL_NULL_CONVERSION = YES;
				CLANG_WARN_OBJC_IMPLICIT_RETAIN_SELF = YES;
				CLANG_WARN_OBJC_LITERAL_CONVERSION = YES;
				CLANG_WARN_OBJC_ROOT_CLASS = YES_ERROR;
				CLANG_WARN_QUOTED_INCLUDE_IN_FRAMEWORK_HEADER = YES;
				CLANG_WARN_RANGE_LOOP_ANALYSIS = YES;
				CLANG_WARN_STRICT_PROTOTYPES = YES;
				CLANG_WARN_SUSPICIOUS_MOVE = YES;
				CLANG_WARN_UNGUARDED_AVAILABILITY = YES_AGGRESSIVE;
				CLANG_WARN_UNREACHABLE_CODE = YES;
				CLANG_WARN__DUPLICATE_METHOD_MATCH = YES;
				COPY_PHASE_STRIP = NO;
				DEBUG_INFORMATION_FORMAT = "dwarf-with-dsym";
				ENABLE_NS_ASSERTIONS = NO;
				ENABLE_STRICT_OBJC_MSGSEND = YES;
				ENABLE_USER_SCRIPT_SANDBOXING = YES;
				GCC_C_LANGUAGE_STANDARD = gnu17;
				GCC_NO_COMMON_BLOCKS = YES;
				GCC_WARN_64_TO_32_BIT_CONVERSION = YES;
				GCC_WARN_ABOUT_RETURN_TYPE = YES_ERROR;
				GCC_WARN_UNDECLARED_SELECTOR = YES;
				GCC_WARN_UNINITIALIZED_AUTOS = YES_AGGRESSIVE;
				GCC_WARN_UNUSED_FUNCTION = YES;
				GCC_WARN_UNUSED_VARIABLE = YES;
				LOCALIZATION_PREFERS_STRING_CATALOGS = YES;
				MTL_ENABLE_DEBUG_INFO = NO;
				MTL_FAST_MATH = YES;
				SWIFT_COMPILATION_MODE = wholemodule;
			};
			name = Release;
		};
		764914F32C0DC58C006BE77F /* Debug */ = {
			isa = XCBuildConfiguration;
			buildSettings = {
				ASSETCATALOG_COMPILER_APPICON_NAME = AppIcon;
				ASSETCATALOG_COMPILER_GLOBAL_ACCENT_COLOR_NAME = AccentColor;
				CODE_SIGN_ENTITLEMENTS = NewApp/NewApp.entitlements;
				CODE_SIGN_STYLE = Automatic;
				CURRENT_PROJECT_VERSION = 1;
				DEVELOPMENT_ASSET_PATHS = "\"NewApp/Preview Content\"";
				DEVELOPMENT_TEAM = UGYM622S92;
				ENABLE_HARDENED_RUNTIME = YES;
				ENABLE_PREVIEWS = YES;
				GENERATE_INFOPLIST_FILE = YES;
				"INFOPLIST_KEY_UIApplicationSceneManifest_Generation[sdk=iphoneos*]" = YES;
				"INFOPLIST_KEY_UIApplicationSceneManifest_Generation[sdk=iphonesimulator*]" = YES;
				"INFOPLIST_KEY_UIApplicationSupportsIndirectInputEvents[sdk=iphoneos*]" = YES;
				"INFOPLIST_KEY_UIApplicationSupportsIndirectInputEvents[sdk=iphonesimulator*]" = YES;
				"INFOPLIST_KEY_UILaunchScreen_Generation[sdk=iphoneos*]" = YES;
				"INFOPLIST_KEY_UILaunchScreen_Generation[sdk=iphonesimulator*]" = YES;
				"INFOPLIST_KEY_UIStatusBarStyle[sdk=iphoneos*]" = UIStatusBarStyleDefault;
				"INFOPLIST_KEY_UIStatusBarStyle[sdk=iphonesimulator*]" = UIStatusBarStyleDefault;
				INFOPLIST_KEY_UISupportedInterfaceOrientations_iPad = "UIInterfaceOrientationPortrait UIInterfaceOrientationPortraitUpsideDown UIInterfaceOrientationLandscapeLeft UIInterfaceOrientationLandscapeRight";
				INFOPLIST_KEY_UISupportedInterfaceOrientations_iPhone = "UIInterfaceOrientationPortrait UIInterfaceOrientationLandscapeLeft UIInterfaceOrientationLandscapeRight";
				IPHONEOS_DEPLOYMENT_TARGET = 17.5;
				LD_RUNPATH_SEARCH_PATHS = "@executable_path/Frameworks";
				"LD_RUNPATH_SEARCH_PATHS[sdk=macosx*]" = "@executable_path/../Frameworks";
				MACOSX_DEPLOYMENT_TARGET = 14.0;
				MARKETING_VERSION = 1.0;
				PRODUCT_BUNDLE_IDENTIFIER = Klesya.NewApp;
				PRODUCT_NAME = "$(TARGET_NAME)";
				SDKROOT = auto;
				SUPPORTED_PLATFORMS = "iphoneos iphonesimulator macosx";
				SWIFT_EMIT_LOC_STRINGS = YES;
				SWIFT_VERSION = 5.0;
				TARGETED_DEVICE_FAMILY = "1,2";
			};
			name = Debug;
		};
		764914F42C0DC58C006BE77F /* Release */ = {
			isa = XCBuildConfiguration;
			buildSettings = {
				ASSETCATALOG_COMPILER_APPICON_NAME = AppIcon;
				ASSETCATALOG_COMPILER_GLOBAL_ACCENT_COLOR_NAME = AccentColor;
				CODE_SIGN_ENTITLEMENTS = NewApp/NewApp.entitlements;
				CODE_SIGN_STYLE = Automatic;
				CURRENT_PROJECT_VERSION = 1;
				DEVELOPMENT_ASSET_PATHS = "\"NewApp/Preview Content\"";
				DEVELOPMENT_TEAM = UGYM622S92;
				ENABLE_HARDENED_RUNTIME = YES;
				ENABLE_PREVIEWS = YES;
				GENERATE_INFOPLIST_FILE = YES;
				"INFOPLIST_KEY_UIApplicationSceneManifest_Generation[sdk=iphoneos*]" = YES;
				"INFOPLIST_KEY_UIApplicationSceneManifest_Generation[sdk=iphonesimulator*]" = YES;
				"INFOPLIST_KEY_UIApplicationSupportsIndirectInputEvents[sdk=iphoneos*]" = YES;
				"INFOPLIST_KEY_UIApplicationSupportsIndirectInputEvents[sdk=iphonesimulator*]" = YES;
				"INFOPLIST_KEY_UILaunchScreen_Generation[sdk=iphoneos*]" = YES;
				"INFOPLIST_KEY_UILaunchScreen_Generation[sdk=iphonesimulator*]" = YES;
				"INFOPLIST_KEY_UIStatusBarStyle[sdk=iphoneos*]" = UIStatusBarStyleDefault;
				"INFOPLIST_KEY_UIStatusBarStyle[sdk=iphonesimulator*]" = UIStatusBarStyleDefault;
				INFOPLIST_KEY_UISupportedInterfaceOrientations_iPad = "UIInterfaceOrientationPortrait UIInterfaceOrientationPortraitUpsideDown UIInterfaceOrientationLandscapeLeft UIInterfaceOrientationLandscapeRight";
				INFOPLIST_KEY_UISupportedInterfaceOrientations_iPhone = "UIInterfaceOrientationPortrait UIInterfaceOrientationLandscapeLeft UIInterfaceOrientationLandscapeRight";
				IPHONEOS_DEPLOYMENT_TARGET = 17.5;
				LD_RUNPATH_SEARCH_PATHS = "@executable_path/Frameworks";
				"LD_RUNPATH_SEARCH_PATHS[sdk=macosx*]" = "@executable_path/../Frameworks";
				MACOSX_DEPLOYMENT_TARGET = 14.0;
				MARKETING_VERSION = 1.0;
				PRODUCT_BUNDLE_IDENTIFIER = Klesya.NewApp;
				PRODUCT_NAME = "$(TARGET_NAME)";
				SDKROOT = auto;
				SUPPORTED_PLATFORMS = "iphoneos iphonesimulator macosx";
				SWIFT_EMIT_LOC_STRINGS = YES;
				SWIFT_VERSION = 5.0;
				TARGETED_DEVICE_FAMILY = "1,2";
			};
			name = Release;
		};
		764914F62C0DC58C006BE77F /* Debug */ = {
			isa = XCBuildConfiguration;
			buildSettings = {
				ALWAYS_EMBED_SWIFT_STANDARD_LIBRARIES = YES;
				BUNDLE_LOADER = "$(TEST_HOST)";
				CODE_SIGN_STYLE = Automatic;
				CURRENT_PROJECT_VERSION = 1;
				DEVELOPMENT_TEAM = UGYM622S92;
				GENERATE_INFOPLIST_FILE = YES;
				IPHONEOS_DEPLOYMENT_TARGET = 17.5;
				MACOSX_DEPLOYMENT_TARGET = 14.4;
				MARKETING_VERSION = 1.0;
				PRODUCT_BUNDLE_IDENTIFIER = Klesya.NewAppTests;
				PRODUCT_NAME = "$(TARGET_NAME)";
				SDKROOT = auto;
				SUPPORTED_PLATFORMS = "iphoneos iphonesimulator macosx";
				SWIFT_EMIT_LOC_STRINGS = NO;
				SWIFT_VERSION = 5.0;
				TARGETED_DEVICE_FAMILY = "1,2";
				TEST_HOST = "$(BUILT_PRODUCTS_DIR)/NewApp.app/$(BUNDLE_EXECUTABLE_FOLDER_PATH)/NewApp";
			};
			name = Debug;
		};
		764914F72C0DC58C006BE77F /* Release */ = {
			isa = XCBuildConfiguration;
			buildSettings = {
				ALWAYS_EMBED_SWIFT_STANDARD_LIBRARIES = YES;
				BUNDLE_LOADER = "$(TEST_HOST)";
				CODE_SIGN_STYLE = Automatic;
				CURRENT_PROJECT_VERSION = 1;
				DEVELOPMENT_TEAM = UGYM622S92;
				GENERATE_INFOPLIST_FILE = YES;
				IPHONEOS_DEPLOYMENT_TARGET = 17.5;
				MACOSX_DEPLOYMENT_TARGET = 14.4;
				MARKETING_VERSION = 1.0;
				PRODUCT_BUNDLE_IDENTIFIER = Klesya.NewAppTests;
				PRODUCT_NAME = "$(TARGET_NAME)";
				SDKROOT = auto;
				SUPPORTED_PLATFORMS = "iphoneos iphonesimulator macosx";
				SWIFT_EMIT_LOC_STRINGS = NO;
				SWIFT_VERSION = 5.0;
				TARGETED_DEVICE_FAMILY = "1,2";
				TEST_HOST = "$(BUILT_PRODUCTS_DIR)/NewApp.app/$(BUNDLE_EXECUTABLE_FOLDER_PATH)/NewApp";
			};
			name = Release;
		};
		764914F92C0DC58C006BE77F /* Debug */ = {
			isa = XCBuildConfiguration;
			buildSettings = {
				ALWAYS_EMBED_SWIFT_STANDARD_LIBRARIES = YES;
				CODE_SIGN_STYLE = Automatic;
				CURRENT_PROJECT_VERSION = 1;
				DEVELOPMENT_TEAM = UGYM622S92;
				GENERATE_INFOPLIST_FILE = YES;
				IPHONEOS_DEPLOYMENT_TARGET = 17.5;
				MACOSX_DEPLOYMENT_TARGET = 14.4;
				MARKETING_VERSION = 1.0;
				PRODUCT_BUNDLE_IDENTIFIER = Klesya.NewAppUITests;
				PRODUCT_NAME = "$(TARGET_NAME)";
				SDKROOT = auto;
				SUPPORTED_PLATFORMS = "iphoneos iphonesimulator macosx";
				SWIFT_EMIT_LOC_STRINGS = NO;
				SWIFT_VERSION = 5.0;
				TARGETED_DEVICE_FAMILY = "1,2";
				TEST_TARGET_NAME = NewApp;
			};
			name = Debug;
		};
		764914FA2C0DC58C006BE77F /* Release */ = {
			isa = XCBuildConfiguration;
			buildSettings = {
				ALWAYS_EMBED_SWIFT_STANDARD_LIBRARIES = YES;
				CODE_SIGN_STYLE = Automatic;
				CURRENT_PROJECT_VERSION = 1;
				DEVELOPMENT_TEAM = UGYM622S92;
				GENERATE_INFOPLIST_FILE = YES;
				IPHONEOS_DEPLOYMENT_TARGET = 17.5;
				MACOSX_DEPLOYMENT_TARGET = 14.4;
				MARKETING_VERSION = 1.0;
				PRODUCT_BUNDLE_IDENTIFIER = Klesya.NewAppUITests;
				PRODUCT_NAME = "$(TARGET_NAME)";
				SDKROOT = auto;
				SUPPORTED_PLATFORMS = "iphoneos iphonesimulator macosx";
				SWIFT_EMIT_LOC_STRINGS = NO;
				SWIFT_VERSION = 5.0;
				TARGETED_DEVICE_FAMILY = "1,2";
				TEST_TARGET_NAME = NewApp;
			};
			name = Release;
		};
/* End XCBuildConfiguration section */

/* Begin XCConfigurationList section */
		764914C62C0DC58B006BE77F /* Build configuration list for PBXProject "NewApp" */ = {
			isa = XCConfigurationList;
			buildConfigurations = (
				764914F02C0DC58C006BE77F /* Debug */,
				764914F12C0DC58C006BE77F /* Release */,
			);
			defaultConfigurationIsVisible = 0;
			defaultConfigurationName = Release;
		};
		764914F22C0DC58C006BE77F /* Build configuration list for PBXNativeTarget "NewApp" */ = {
			isa = XCConfigurationList;
			buildConfigurations = (
				764914F32C0DC58C006BE77F /* Debug */,
				764914F42C0DC58C006BE77F /* Release */,
			);
			defaultConfigurationIsVisible = 0;
			defaultConfigurationName = Release;
		};
		764914F52C0DC58C006BE77F /* Build configuration list for PBXNativeTarget "NewAppTests" */ = {
			isa = XCConfigurationList;
			buildConfigurations = (
				764914F62C0DC58C006BE77F /* Debug */,
				764914F72C0DC58C006BE77F /* Release */,
			);
			defaultConfigurationIsVisible = 0;
			defaultConfigurationName = Release;
		};
		764914F82C0DC58C006BE77F /* Build configuration list for PBXNativeTarget "NewAppUITests" */ = {
			isa = XCConfigurationList;
			buildConfigurations = (
				764914F92C0DC58C006BE77F /* Debug */,
				764914FA2C0DC58C006BE77F /* Release */,
			);
			defaultConfigurationIsVisible = 0;
			defaultConfigurationName = Release;
		};
/* End XCConfigurationList section */
	};
	rootObject = 764914C32C0DC58B006BE77F /* Project object */;
}
